{
  "name": "boomlet",
  "version": "1.0.1",
  "lockfileVersion": 1,
  "requires": true,
  "dependencies": {
    "commander": {
      "version": "2.12.2",
      "resolved": "https://registry.npmjs.org/commander/-/commander-2.12.2.tgz",
      "integrity": "sha512-BFnaq5ZOGcDN7FlrtBT4xxkgIToalIIxwjxLWVJ8bGTpe1LroqMiqQXdA7ygc7CRvaYS+9zfPGFnJqFSayx+AA=="
    },
    "graceful-fs": {
      "version": "4.1.11",
      "resolved": "https://registry.npmjs.org/graceful-fs/-/graceful-fs-4.1.11.tgz",
      "integrity": "sha1-Dovf5NHduIVNZOBOp8AOKgJuVlg="
    },
    "is-stream": {
      "version": "1.1.0",
      "resolved": "https://registry.npmjs.org/is-stream/-/is-stream-1.1.0.tgz",
      "integrity": "sha1-EtSj3U5o4Lec6428hBc66A2RykQ="
    },
    "make-dir": {
      "version": "1.1.0",
      "resolved": "https://registry.npmjs.org/make-dir/-/make-dir-1.1.0.tgz",
      "integrity": "sha512-0Pkui4wLJ7rxvmfUvs87skoEaxmu0hCUApF8nonzpl7q//FWp9zu8W61Scz4sd/kUiqDxvUhtoam2efDyiBzcA==",
      "requires": {
        "pify": "3.0.0"
      },
      "dependencies": {
        "pify": {
          "version": "3.0.0",
          "resolved": "https://registry.npmjs.org/pify/-/pify-3.0.0.tgz",
          "integrity": "sha1-5aSs0sEB/fPZpNB/DbxNtJ3SgXY="
        }
      }
    },
    "open": {
      "version": "0.0.5",
      "resolved": "https://registry.npmjs.org/open/-/open-0.0.5.tgz",
      "integrity": "sha1-QsPhjslUZra/DcQvOilFw/DK2Pw="
    },
    "pify": {
      "version": "2.3.0",
      "resolved": "https://registry.npmjs.org/pify/-/pify-2.3.0.tgz",
      "integrity": "sha1-7RQaasBDqEnqWISY59yosVMw6Qw="
    },
    "source-map": {
      "version": "0.6.1",
      "resolved": "https://registry.npmjs.org/source-map/-/source-map-0.6.1.tgz",
      "integrity": "sha512-UjgapumWlbMhkBgzT7Ykc5YXUT46F0iKu8SGXq0bcwP5dz/h0Plj6enJqjz1Zbq2l5WaqYnrVbwWOWMyF3F47g=="
    },
    "temp-dir": {
      "version": "1.0.0",
      "resolved": "https://registry.npmjs.org/temp-dir/-/temp-dir-1.0.0.tgz",
      "integrity": "sha1-CnwOom06Oa+n4OvqnB/AvE2qAR0="
    },
    "temp-write": {
      "version": "3.3.0",
      "resolved": "https://registry.npmjs.org/temp-write/-/temp-write-3.3.0.tgz",
      "integrity": "sha1-walt4rNgYTQuroH0T/ABrsj2Fak=",
      "requires": {
        "graceful-fs": "4.1.11",
        "is-stream": "1.1.0",
        "make-dir": "1.1.0",
        "pify": "2.3.0",
        "temp-dir": "1.0.0",
        "uuid": "3.1.0"
      }
    },
    "uglify-js": {
      "version": "3.2.2",
      "resolved": "https://registry.npmjs.org/uglify-js/-/uglify-js-3.2.2.tgz",
      "integrity": "sha512-++1NO/zZIEdWf6cDIGceSJQPX31SqIpbVAHwFG5+240MtZqPG/NIPoinj8zlXQtAfMBqEt1Jyv2FiLP3n9gVhQ==",
      "requires": {
        "commander": "2.12.2",
        "source-map": "0.6.1"
      }
    },
    "uuid": {
      "version": "3.1.0",
      "resolved": "https://registry.npmjs.org/uuid/-/uuid-3.1.0.tgz",
      "integrity": "sha512-DIWtzUkw04M4k3bf1IcpS2tngXEL26YUD2M0tMDUpnUrz2hgzUBlD55a4FjdLGPvfHxS6uluGWvaVEqgBcVa+g=="
    }
  }
}
